
Microsoft Visual Studio Solution File, Format Version 12.00
# Visual Studio Version 17
VisualStudioVersion = 17.0.31912.275
MinimumVisualStudioVersion = 10.0.40219.1
Project("{9A19103F-16F7-4668-BE54-9A1E7A4F7556}") = "LibraryAPI", "LibraryAPI\LibraryAPI.csproj", "{C8F1BA11-F44E-4A29-8614-DFABF1A712F1}"
EndProject
Global
	GlobalSection(SolutionConfigurationPlatforms) = preSolution
		Debug|Any CPU = Debug|Any CPU
		Release|Any CPU = Release|Any CPU
	EndGlobalSection
	GlobalSection(ProjectConfigurationPlatforms) = postSolution
		{C8F1BA11-F44E-4A29-8614-DFABF1A712F1}.Debug|Any CPU.ActiveCfg = Debug|Any CPU
		{C8F1BA11-F44E-4A29-8614-DFABF1A712F1}.Debug|Any CPU.Build.0 = Debug|Any CPU
		{C8F1BA11-F44E-4A29-8614-DFABF1A712F1}.Release|Any CPU.ActiveCfg = Release|Any CPU
		{C8F1BA11-F44E-4A29-8614-DFABF1A712F1}.Release|Any CPU.Build.0 = Release|Any CPU
	EndGlobalSection
	GlobalSection(SolutionProperties) = preSolution
		HideSolutionNode = FALSE
	EndGlobalSection
	GlobalSection(ExtensibilityGlobals) = postSolution
		SolutionGuid = {6B8E087F-08A0-4920-A972-25DEA1950342}
	EndGlobalSection
EndGlobal
